
Microsoft Visual Studio Solution File, Format Version 11.00
# Visual Studio 2010
Project("{FAE04EC0-301F-11D3-BF4B-00C04F79EFBC}") = "VCPhotoManager", "VCPhotoManager\VCPhotoManager.csproj", "{8766570B-E893-4CFE-B6C1-B119A9B6CFAF}"
EndProject
Global
	GlobalSection(SolutionConfigurationPlatforms) = preSolution
		Debug|x86 = Debug|x86
		Release|x86 = Release|x86
	EndGlobalSection
	GlobalSection(ProjectConfigurationPlatforms) = postSolution
		{8766570B-E893-4CFE-B6C1-B119A9B6CFAF}.Debug|x86.ActiveCfg = Debug|x86
		{8766570B-E893-4CFE-B6C1-B119A9B6CFAF}.Debug|x86.Build.0 = Debug|x86
		{8766570B-E893-4CFE-B6C1-B119A9B6CFAF}.Release|x86.ActiveCfg = Release|x86
		{8766570B-E893-4CFE-B6C1-B119A9B6CFAF}.Release|x86.Build.0 = Release|x86
	EndGlobalSection
	GlobalSection(SolutionProperties) = preSolution
		HideSolutionNode = FALSE
	EndGlobalSection
EndGlobal
